{
  "name": "test",
  "version": "1.0.0",
  "lockfileVersion": 1,
  "requires": true,
  "dependencies": {
    "emailjs": {
      "version": "3.2.1",
      "resolved": "https://registry.npmjs.org/emailjs/-/emailjs-3.2.1.tgz",
      "integrity": "sha512-yBI6/xJqaa58DNGyurwUpyRWAzap9I6I6ZF8U/uesnsCKcpzW1uTeYg2HZb1qda0pskl8JfakSEQ1sK1eu1R5g=="
    },
    "emailjs-com": {
      "version": "2.4.1",
      "resolved": "https://registry.npmjs.org/emailjs-com/-/emailjs-com-2.4.1.tgz",
      "integrity": "sha512-JOnOm+dRv1Rc+yy+Y0QXKxYYdpbRl7C9xlOwKyTmpbCqAM6rcXRAc/D1igiPHqn1eTvCKzpeursTqfX6e7bdBw=="
    },
    "milsymbol": {
      "version": "2.0.0",
      "resolved": "https://registry.npmjs.org/milsymbol/-/milsymbol-2.0.0.tgz",
      "integrity": "sha512-GcBFrcIUr8jScaZqZb0SI2W6AbnUrPCTHu2kqHxduQjN2DIN8q5pY6ksSWfnJ4HlcIAWQhyotbdPIr1bBxFbwQ=="
    }
  }
}
